
Microsoft Visual Studio Solution File, Format Version 12.00
# Visual Studio Version 16
VisualStudioVersion = 16.0.29009.5
MinimumVisualStudioVersion = 10.0.40219.1
Project("{FAE04EC0-301F-11D3-BF4B-00C04F79EFBC}") = "ArrayBreakout", "ArrayBreakout\ArrayBreakout.csproj", "{D5689F9F-F019-4449-A096-A14BF93A2521}"
EndProject
Global
	GlobalSection(SolutionConfigurationPlatforms) = preSolution
		Debug|Any CPU = Debug|Any CPU
		Release|Any CPU = Release|Any CPU
	EndGlobalSection
	GlobalSection(ProjectConfigurationPlatforms) = postSolution
		{D5689F9F-F019-4449-A096-A14BF93A2521}.Debug|Any CPU.ActiveCfg = Debug|Any CPU
		{D5689F9F-F019-4449-A096-A14BF93A2521}.Debug|Any CPU.Build.0 = Debug|Any CPU
		{D5689F9F-F019-4449-A096-A14BF93A2521}.Release|Any CPU.ActiveCfg = Release|Any CPU
		{D5689F9F-F019-4449-A096-A14BF93A2521}.Release|Any CPU.Build.0 = Release|Any CPU
	EndGlobalSection
	GlobalSection(SolutionProperties) = preSolution
		HideSolutionNode = FALSE
	EndGlobalSection
	GlobalSection(ExtensibilityGlobals) = postSolution
		SolutionGuid = {87470C55-D392-4E4D-8263-C0BACC62AFB8}
	EndGlobalSection
EndGlobal
