
Microsoft Visual Studio Solution File, Format Version 12.00
# Visual Studio Version 16
VisualStudioVersion = 16.0.29009.5
MinimumVisualStudioVersion = 10.0.40219.1
Project("{FAE04EC0-301F-11D3-BF4B-00C04F79EFBC}") = "TDDCalculator", "TDDCalculator\TDDCalculator.csproj", "{893AFE07-5D0D-44D1-8C6B-32AB7B32DE9E}"
EndProject
Global
	GlobalSection(SolutionConfigurationPlatforms) = preSolution
		Debug|Any CPU = Debug|Any CPU
		Release|Any CPU = Release|Any CPU
	EndGlobalSection
	GlobalSection(ProjectConfigurationPlatforms) = postSolution
		{893AFE07-5D0D-44D1-8C6B-32AB7B32DE9E}.Debug|Any CPU.ActiveCfg = Debug|Any CPU
		{893AFE07-5D0D-44D1-8C6B-32AB7B32DE9E}.Debug|Any CPU.Build.0 = Debug|Any CPU
		{893AFE07-5D0D-44D1-8C6B-32AB7B32DE9E}.Release|Any CPU.ActiveCfg = Release|Any CPU
		{893AFE07-5D0D-44D1-8C6B-32AB7B32DE9E}.Release|Any CPU.Build.0 = Release|Any CPU
	EndGlobalSection
	GlobalSection(SolutionProperties) = preSolution
		HideSolutionNode = FALSE
	EndGlobalSection
	GlobalSection(ExtensibilityGlobals) = postSolution
		SolutionGuid = {011C2844-E324-458B-96C7-111C15C107AC}
	EndGlobalSection
EndGlobal
