
Microsoft Visual Studio Solution File, Format Version 12.00
# Visual Studio Version 16
VisualStudioVersion = 16.0.29009.5
MinimumVisualStudioVersion = 10.0.40219.1
Project("{FAE04EC0-301F-11D3-BF4B-00C04F79EFBC}") = "DebuggerDemo", "DebuggerDemo\DebuggerDemo.csproj", "{3A09C4C5-223E-4C46-9531-23C3C5B380B2}"
EndProject
Global
	GlobalSection(SolutionConfigurationPlatforms) = preSolution
		Debug|Any CPU = Debug|Any CPU
		Release|Any CPU = Release|Any CPU
	EndGlobalSection
	GlobalSection(ProjectConfigurationPlatforms) = postSolution
		{3A09C4C5-223E-4C46-9531-23C3C5B380B2}.Debug|Any CPU.ActiveCfg = Debug|Any CPU
		{3A09C4C5-223E-4C46-9531-23C3C5B380B2}.Debug|Any CPU.Build.0 = Debug|Any CPU
		{3A09C4C5-223E-4C46-9531-23C3C5B380B2}.Release|Any CPU.ActiveCfg = Release|Any CPU
		{3A09C4C5-223E-4C46-9531-23C3C5B380B2}.Release|Any CPU.Build.0 = Release|Any CPU
	EndGlobalSection
	GlobalSection(SolutionProperties) = preSolution
		HideSolutionNode = FALSE
	EndGlobalSection
	GlobalSection(ExtensibilityGlobals) = postSolution
		SolutionGuid = {3603FBC7-68B0-4291-B924-F99CD4ED80F5}
	EndGlobalSection
EndGlobal
