
Microsoft Visual Studio Solution File, Format Version 12.00
# Visual Studio Version 16
VisualStudioVersion = 16.0.29409.12
MinimumVisualStudioVersion = 10.0.40219.1
Project("{FAE04EC0-301F-11D3-BF4B-00C04F79EFBC}") = "WebApplication1", "WebApplication1\WebApplication1.csproj", "{13966230-21E2-4EFA-AB8E-5767FCF0AA65}"
EndProject
Global
	GlobalSection(SolutionConfigurationPlatforms) = preSolution
		Debug|Any CPU = Debug|Any CPU
		Release|Any CPU = Release|Any CPU
	EndGlobalSection
	GlobalSection(ProjectConfigurationPlatforms) = postSolution
		{13966230-21E2-4EFA-AB8E-5767FCF0AA65}.Debug|Any CPU.ActiveCfg = Debug|Any CPU
		{13966230-21E2-4EFA-AB8E-5767FCF0AA65}.Debug|Any CPU.Build.0 = Debug|Any CPU
		{13966230-21E2-4EFA-AB8E-5767FCF0AA65}.Release|Any CPU.ActiveCfg = Release|Any CPU
		{13966230-21E2-4EFA-AB8E-5767FCF0AA65}.Release|Any CPU.Build.0 = Release|Any CPU
	EndGlobalSection
	GlobalSection(SolutionProperties) = preSolution
		HideSolutionNode = FALSE
	EndGlobalSection
	GlobalSection(ExtensibilityGlobals) = postSolution
		SolutionGuid = {66E4CBBE-1413-4DD6-99E8-CE29FACE8A88}
	EndGlobalSection
EndGlobal
