
Microsoft Visual Studio Solution File, Format Version 12.00
# Visual Studio Version 16
VisualStudioVersion = 16.0.29409.12
MinimumVisualStudioVersion = 10.0.40219.1
Project("{FAE04EC0-301F-11D3-BF4B-00C04F79EFBC}") = "DbFirst", "DbFirst\DbFirst.csproj", "{10098283-CADA-488A-993C-631608101060}"
EndProject
Global
	GlobalSection(SolutionConfigurationPlatforms) = preSolution
		Debug|Any CPU = Debug|Any CPU
		Release|Any CPU = Release|Any CPU
	EndGlobalSection
	GlobalSection(ProjectConfigurationPlatforms) = postSolution
		{10098283-CADA-488A-993C-631608101060}.Debug|Any CPU.ActiveCfg = Debug|Any CPU
		{10098283-CADA-488A-993C-631608101060}.Debug|Any CPU.Build.0 = Debug|Any CPU
		{10098283-CADA-488A-993C-631608101060}.Release|Any CPU.ActiveCfg = Release|Any CPU
		{10098283-CADA-488A-993C-631608101060}.Release|Any CPU.Build.0 = Release|Any CPU
	EndGlobalSection
	GlobalSection(SolutionProperties) = preSolution
		HideSolutionNode = FALSE
	EndGlobalSection
	GlobalSection(ExtensibilityGlobals) = postSolution
		SolutionGuid = {DF83304E-5996-4375-873F-6AC87189E6B5}
	EndGlobalSection
EndGlobal
