
Microsoft Visual Studio Solution File, Format Version 12.00
# Visual Studio Version 16
VisualStudioVersion = 16.0.29409.12
MinimumVisualStudioVersion = 10.0.40219.1
Project("{FAE04EC0-301F-11D3-BF4B-00C04F79EFBC}") = "Lab23Breakout", "Lab23Breakout\Lab23Breakout.csproj", "{4ABADD1F-F22C-4D61-8014-9457B43F8B4E}"
EndProject
Global
	GlobalSection(SolutionConfigurationPlatforms) = preSolution
		Debug|Any CPU = Debug|Any CPU
		Release|Any CPU = Release|Any CPU
	EndGlobalSection
	GlobalSection(ProjectConfigurationPlatforms) = postSolution
		{4ABADD1F-F22C-4D61-8014-9457B43F8B4E}.Debug|Any CPU.ActiveCfg = Debug|Any CPU
		{4ABADD1F-F22C-4D61-8014-9457B43F8B4E}.Debug|Any CPU.Build.0 = Debug|Any CPU
		{4ABADD1F-F22C-4D61-8014-9457B43F8B4E}.Release|Any CPU.ActiveCfg = Release|Any CPU
		{4ABADD1F-F22C-4D61-8014-9457B43F8B4E}.Release|Any CPU.Build.0 = Release|Any CPU
	EndGlobalSection
	GlobalSection(SolutionProperties) = preSolution
		HideSolutionNode = FALSE
	EndGlobalSection
	GlobalSection(ExtensibilityGlobals) = postSolution
		SolutionGuid = {E7C308CF-A4C5-4AE4-9BA2-7820EED2ED58}
	EndGlobalSection
EndGlobal
