
Microsoft Visual Studio Solution File, Format Version 12.00
# Visual Studio Version 16
VisualStudioVersion = 16.0.29009.5
MinimumVisualStudioVersion = 10.0.40219.1
Project("{FAE04EC0-301F-11D3-BF4B-00C04F79EFBC}") = "Arrays", "Arrays\Arrays.csproj", "{20512AC2-B11C-4C51-8497-9DF86E8EF8E6}"
EndProject
Global
	GlobalSection(SolutionConfigurationPlatforms) = preSolution
		Debug|Any CPU = Debug|Any CPU
		Release|Any CPU = Release|Any CPU
	EndGlobalSection
	GlobalSection(ProjectConfigurationPlatforms) = postSolution
		{20512AC2-B11C-4C51-8497-9DF86E8EF8E6}.Debug|Any CPU.ActiveCfg = Debug|Any CPU
		{20512AC2-B11C-4C51-8497-9DF86E8EF8E6}.Debug|Any CPU.Build.0 = Debug|Any CPU
		{20512AC2-B11C-4C51-8497-9DF86E8EF8E6}.Release|Any CPU.ActiveCfg = Release|Any CPU
		{20512AC2-B11C-4C51-8497-9DF86E8EF8E6}.Release|Any CPU.Build.0 = Release|Any CPU
	EndGlobalSection
	GlobalSection(SolutionProperties) = preSolution
		HideSolutionNode = FALSE
	EndGlobalSection
	GlobalSection(ExtensibilityGlobals) = postSolution
		SolutionGuid = {5C975B63-C79E-4A64-88B6-338C9EBE3046}
	EndGlobalSection
EndGlobal
