
Microsoft Visual Studio Solution File, Format Version 12.00
# Visual Studio Version 16
VisualStudioVersion = 16.0.29009.5
MinimumVisualStudioVersion = 10.0.40219.1
Project("{FAE04EC0-301F-11D3-BF4B-00C04F79EFBC}") = "Enums", "Enums\Enums.csproj", "{D5F6091E-5773-44D6-AB4F-1991E92852AA}"
EndProject
Global
	GlobalSection(SolutionConfigurationPlatforms) = preSolution
		Debug|Any CPU = Debug|Any CPU
		Release|Any CPU = Release|Any CPU
	EndGlobalSection
	GlobalSection(ProjectConfigurationPlatforms) = postSolution
		{D5F6091E-5773-44D6-AB4F-1991E92852AA}.Debug|Any CPU.ActiveCfg = Debug|Any CPU
		{D5F6091E-5773-44D6-AB4F-1991E92852AA}.Debug|Any CPU.Build.0 = Debug|Any CPU
		{D5F6091E-5773-44D6-AB4F-1991E92852AA}.Release|Any CPU.ActiveCfg = Release|Any CPU
		{D5F6091E-5773-44D6-AB4F-1991E92852AA}.Release|Any CPU.Build.0 = Release|Any CPU
	EndGlobalSection
	GlobalSection(SolutionProperties) = preSolution
		HideSolutionNode = FALSE
	EndGlobalSection
	GlobalSection(ExtensibilityGlobals) = postSolution
		SolutionGuid = {A698B193-7BAD-433C-BBD0-B53BCC507DF2}
	EndGlobalSection
EndGlobal
