
Microsoft Visual Studio Solution File, Format Version 12.00
# Visual Studio Version 16
VisualStudioVersion = 16.0.29009.5
MinimumVisualStudioVersion = 10.0.40219.1
Project("{FAE04EC0-301F-11D3-BF4B-00C04F79EFBC}") = "ContinueLoop", "ContinueLoop\ContinueLoop.csproj", "{EEC6B944-9828-489A-BEC9-25E0B62F0AB6}"
EndProject
Global
	GlobalSection(SolutionConfigurationPlatforms) = preSolution
		Debug|Any CPU = Debug|Any CPU
		Release|Any CPU = Release|Any CPU
	EndGlobalSection
	GlobalSection(ProjectConfigurationPlatforms) = postSolution
		{EEC6B944-9828-489A-BEC9-25E0B62F0AB6}.Debug|Any CPU.ActiveCfg = Debug|Any CPU
		{EEC6B944-9828-489A-BEC9-25E0B62F0AB6}.Debug|Any CPU.Build.0 = Debug|Any CPU
		{EEC6B944-9828-489A-BEC9-25E0B62F0AB6}.Release|Any CPU.ActiveCfg = Release|Any CPU
		{EEC6B944-9828-489A-BEC9-25E0B62F0AB6}.Release|Any CPU.Build.0 = Release|Any CPU
	EndGlobalSection
	GlobalSection(SolutionProperties) = preSolution
		HideSolutionNode = FALSE
	EndGlobalSection
	GlobalSection(ExtensibilityGlobals) = postSolution
		SolutionGuid = {3796E2BF-6401-4C77-B50F-964D79A42B31}
	EndGlobalSection
EndGlobal
