
Microsoft Visual Studio Solution File, Format Version 12.00
# Visual Studio Version 16
VisualStudioVersion = 16.0.29409.12
MinimumVisualStudioVersion = 10.0.40219.1
Project("{FAE04EC0-301F-11D3-BF4B-00C04F79EFBC}") = "MockAssessment6", "MockAssessment6\MockAssessment6.csproj", "{8EC7A245-2C11-449E-B064-E4378E1109D1}"
EndProject
Global
	GlobalSection(SolutionConfigurationPlatforms) = preSolution
		Debug|Any CPU = Debug|Any CPU
		Release|Any CPU = Release|Any CPU
	EndGlobalSection
	GlobalSection(ProjectConfigurationPlatforms) = postSolution
		{8EC7A245-2C11-449E-B064-E4378E1109D1}.Debug|Any CPU.ActiveCfg = Debug|Any CPU
		{8EC7A245-2C11-449E-B064-E4378E1109D1}.Debug|Any CPU.Build.0 = Debug|Any CPU
		{8EC7A245-2C11-449E-B064-E4378E1109D1}.Release|Any CPU.ActiveCfg = Release|Any CPU
		{8EC7A245-2C11-449E-B064-E4378E1109D1}.Release|Any CPU.Build.0 = Release|Any CPU
	EndGlobalSection
	GlobalSection(SolutionProperties) = preSolution
		HideSolutionNode = FALSE
	EndGlobalSection
	GlobalSection(ExtensibilityGlobals) = postSolution
		SolutionGuid = {A38A1BBE-739B-4EAB-A00F-D0D25D1B3311}
	EndGlobalSection
EndGlobal
