
Microsoft Visual Studio Solution File, Format Version 12.00
# Visual Studio Version 16
VisualStudioVersion = 16.0.29009.5
MinimumVisualStudioVersion = 10.0.40219.1
Project("{FAE04EC0-301F-11D3-BF4B-00C04F79EFBC}") = "Capstone1Solution", "Capstone1Solution\Capstone1Solution.csproj", "{91777698-BBF5-40DA-9D95-831C8D375305}"
EndProject
Global
	GlobalSection(SolutionConfigurationPlatforms) = preSolution
		Debug|Any CPU = Debug|Any CPU
		Release|Any CPU = Release|Any CPU
	EndGlobalSection
	GlobalSection(ProjectConfigurationPlatforms) = postSolution
		{91777698-BBF5-40DA-9D95-831C8D375305}.Debug|Any CPU.ActiveCfg = Debug|Any CPU
		{91777698-BBF5-40DA-9D95-831C8D375305}.Debug|Any CPU.Build.0 = Debug|Any CPU
		{91777698-BBF5-40DA-9D95-831C8D375305}.Release|Any CPU.ActiveCfg = Release|Any CPU
		{91777698-BBF5-40DA-9D95-831C8D375305}.Release|Any CPU.Build.0 = Release|Any CPU
	EndGlobalSection
	GlobalSection(SolutionProperties) = preSolution
		HideSolutionNode = FALSE
	EndGlobalSection
	GlobalSection(ExtensibilityGlobals) = postSolution
		SolutionGuid = {16F87612-3EA4-4FF0-AA3B-5BFC33716FEB}
	EndGlobalSection
EndGlobal
