
Microsoft Visual Studio Solution File, Format Version 12.00
# Visual Studio Version 16
VisualStudioVersion = 16.0.29409.12
MinimumVisualStudioVersion = 10.0.40219.1
Project("{FAE04EC0-301F-11D3-BF4B-00C04F79EFBC}") = "EntityDbFirst", "EntityDbFirst\EntityDbFirst.csproj", "{B08551BF-F98F-432A-92B6-8835DC63E90E}"
EndProject
Global
	GlobalSection(SolutionConfigurationPlatforms) = preSolution
		Debug|Any CPU = Debug|Any CPU
		Release|Any CPU = Release|Any CPU
	EndGlobalSection
	GlobalSection(ProjectConfigurationPlatforms) = postSolution
		{B08551BF-F98F-432A-92B6-8835DC63E90E}.Debug|Any CPU.ActiveCfg = Debug|Any CPU
		{B08551BF-F98F-432A-92B6-8835DC63E90E}.Debug|Any CPU.Build.0 = Debug|Any CPU
		{B08551BF-F98F-432A-92B6-8835DC63E90E}.Release|Any CPU.ActiveCfg = Release|Any CPU
		{B08551BF-F98F-432A-92B6-8835DC63E90E}.Release|Any CPU.Build.0 = Release|Any CPU
	EndGlobalSection
	GlobalSection(SolutionProperties) = preSolution
		HideSolutionNode = FALSE
	EndGlobalSection
	GlobalSection(ExtensibilityGlobals) = postSolution
		SolutionGuid = {F7C0C27B-1AC4-490E-AB9E-4AAD3E32EFA6}
	EndGlobalSection
EndGlobal
